// !$*UTF8*$!
{
	archiveVersion = 1;
	classes = {
	};
	objectVersion = 50;
	objects = {

/* Begin PBXBuildFile section */
		2C53D469259AA7760066C2DE /* Tests_iOS.swift in Sources */ = {isa = PBXBuildFile; fileRef = 2C53D468259AA7760066C2DE /* Tests_iOS.swift */; };
		2C53D474259AA7760066C2DE /* Tests_macOS.swift in Sources */ = {isa = PBXBuildFile; fileRef = 2C53D473259AA7760066C2DE /* Tests_macOS.swift */; };
		2C53D476259AA7760066C2DE /* SnakeApp.swift in Sources */ = {isa = PBXBuildFile; fileRef = 2C53D44D259AA7740066C2DE /* SnakeApp.swift */; };
		2C53D477259AA7760066C2DE /* SnakeApp.swift in Sources */ = {isa = PBXBuildFile; fileRef = 2C53D44D259AA7740066C2DE /* SnakeApp.swift */; };
		2C53D478259AA7760066C2DE /* ContentView.swift in Sources */ = {isa = PBXBuildFile; fileRef = 2C53D44E259AA7740066C2DE /* ContentView.swift */; };
		2C53D479259AA7760066C2DE /* ContentView.swift in Sources */ = {isa = PBXBuildFile; fileRef = 2C53D44E259AA7740066C2DE /* ContentView.swift */; };
		2C53D47A259AA7760066C2DE /* Assets.xcassets in Resources */ = {isa = PBXBuildFile; fileRef = 2C53D44F259AA7760066C2DE /* Assets.xcassets */; };
		2C53D47B259AA7760066C2DE /* Assets.xcassets in Resources */ = {isa = PBXBuildFile; fileRef = 2C53D44F259AA7760066C2DE /* Assets.xcassets */; };
/* End PBXBuildFile section */

/* Begin PBXContainerItemProxy section */
		2C53D465259AA7760066C2DE /* PBXContainerItemProxy */ = {
			isa = PBXContainerItemProxy;
			containerPortal = 2C53D448259AA7730066C2DE /* Project object */;
			proxyType = 1;
			remoteGlobalIDString = 2C53D453259AA7760066C2DE;
			remoteInfo = "Snake (iOS)";
		};
		2C53D470259AA7760066C2DE /* PBXContainerItemProxy */ = {
			isa = PBXContainerItemProxy;
			containerPortal = 2C53D448259AA7730066C2DE /* Project object */;
			proxyType = 1;
			remoteGlobalIDString = 2C53D45B259AA7760066C2DE;
			remoteInfo = "Snake (macOS)";
		};
/* End PBXContainerItemProxy section */

/* Begin PBXFileReference section */
		2C53D44D259AA7740066C2DE /* SnakeApp.swift */ = {isa = PBXFileReference; lastKnownFileType = sourcecode.swift; path = SnakeApp.swift; sourceTree = "<group>"; };
		2C53D44E259AA7740066C2DE /* ContentView.swift */ = {isa = PBXFileReference; lastKnownFileType = sourcecode.swift; path = ContentView.swift; sourceTree = "<group>"; };
		2C53D44F259AA7760066C2DE /* Assets.xcassets */ = {isa = PBXFileReference; lastKnownFileType = folder.assetcatalog; path = Assets.xcassets; sourceTree = "<group>"; };
		2C53D454259AA7760066C2DE /* Snake.app */ = {isa = PBXFileReference; explicitFileType = wrapper.application; includeInIndex = 0; path = Snake.app; sourceTree = BUILT_PRODUCTS_DIR; };
		2C53D457259AA7760066C2DE /* Info.plist */ = {isa = PBXFileReference; lastKnownFileType = text.plist.xml; path = Info.plist; sourceTree = "<group>"; };
		2C53D45C259AA7760066C2DE /* Snake.app */ = {isa = PBXFileReference; explicitFileType = wrapper.application; includeInIndex = 0; path = Snake.app; sourceTree = BUILT_PRODUCTS_DIR; };
		2C53D45E259AA7760066C2DE /* Info.plist */ = {isa = PBXFileReference; lastKnownFileType = text.plist.xml; path = Info.plist; sourceTree = "<group>"; };
		2C53D45F259AA7760066C2DE /* macOS.entitlements */ = {isa = PBXFileReference; lastKnownFileType = text.plist.entitlements; path = macOS.entitlements; sourceTree = "<group>"; };
		2C53D464259AA7760066C2DE /* Tests iOS.xctest */ = {isa = PBXFileReference; explicitFileType = wrapper.cfbundle; includeInIndex = 0; path = "Tests iOS.xctest"; sourceTree = BUILT_PRODUCTS_DIR; };
		2C53D468259AA7760066C2DE /* Tests_iOS.swift */ = {isa = PBXFileReference; lastKnownFileType = sourcecode.swift; path = Tests_iOS.swift; sourceTree = "<group>"; };
		2C53D46A259AA7760066C2DE /* Info.plist */ = {isa = PBXFileReference; lastKnownFileType = text.plist.xml; path = Info.plist; sourceTree = "<group>"; };
		2C53D46F259AA7760066C2DE /* Tests macOS.xctest */ = {isa = PBXFileReference; explicitFileType = wrapper.cfbundle; includeInIndex = 0; path = "Tests macOS.xctest"; sourceTree = BUILT_PRODUCTS_DIR; };
		2C53D473259AA7760066C2DE /* Tests_macOS.swift */ = {isa = PBXFileReference; lastKnownFileType = sourcecode.swift; path = Tests_macOS.swift; sourceTree = "<group>"; };
		2C53D475259AA7760066C2DE /* Info.plist */ = {isa = PBXFileReference; lastKnownFileType = text.plist.xml; path = Info.plist; sourceTree = "<group>"; };
/* End PBXFileReference section */

/* Begin PBXFrameworksBuildPhase section */
		2C53D451259AA7760066C2DE /* Frameworks */ = {
			isa = PBXFrameworksBuildPhase;
			buildActionMask = 2147483647;
			files = (
			);
			runOnlyForDeploymentPostprocessing = 0;
		};
		2C53D459259AA7760066C2DE /* Frameworks */ = {
			isa = PBXFrameworksBuildPhase;
			buildActionMask = 2147483647;
			files = (
			);
			runOnlyForDeploymentPostprocessing = 0;
		};
		2C53D461259AA7760066C2DE /* Frameworks */ = {
			isa = PBXFrameworksBuildPhase;
			buildActionMask = 2147483647;
			files = (
			);
			runOnlyForDeploymentPostprocessing = 0;
		};
		2C53D46C259AA7760066C2DE /* Frameworks */ = {
			isa = PBXFrameworksBuildPhase;
			buildActionMask = 2147483647;
			files = (
			);
			runOnlyForDeploymentPostprocessing = 0;
		};
/* End PBXFrameworksBuildPhase section */

/* Begin PBXGroup section */
		2C53D447259AA7730066C2DE = {
			isa = PBXGroup;
			children = (
				2C53D44C259AA7740066C2DE /* Shared */,
				2C53D456259AA7760066C2DE /* iOS */,
				2C53D45D259AA7760066C2DE /* macOS */,
				2C53D467259AA7760066C2DE /* Tests iOS */,
				2C53D472259AA7760066C2DE /* Tests macOS */,
				2C53D455259AA7760066C2DE /* Products */,
			);
			sourceTree = "<group>";
		};
		2C53D44C259AA7740066C2DE /* Shared */ = {
			isa = PBXGroup;
			children = (
				2C53D44D259AA7740066C2DE /* SnakeApp.swift */,
				2C53D44E259AA7740066C2DE /* ContentView.swift */,
				2C53D44F259AA7760066C2DE /* Assets.xcassets */,
			);
			path = Shared;
			sourceTree = "<group>";
		};
		2C53D455259AA7760066C2DE /* Products */ = {
			isa = PBXGroup;
			children = (
				2C53D454259AA7760066C2DE /* Snake.app */,
				2C53D45C259AA7760066C2DE /* Snake.app */,
				2C53D464259AA7760066C2DE /* Tests iOS.xctest */,
				2C53D46F259AA7760066C2DE /* Tests macOS.xctest */,
			);
			name = Products;
			sourceTree = "<group>";
		};
		2C53D456259AA7760066C2DE /* iOS */ = {
			isa = PBXGroup;
			children = (
				2C53D457259AA7760066C2DE /* Info.plist */,
			);
			path = iOS;
			sourceTree = "<group>";
		};
		2C53D45D259AA7760066C2DE /* macOS */ = {
			isa = PBXGroup;
			children = (
				2C53D45E259AA7760066C2DE /* Info.plist */,
				2C53D45F259AA7760066C2DE /* macOS.entitlements */,
			);
			path = macOS;
			sourceTree = "<group>";
		};
		2C53D467259AA7760066C2DE /* Tests iOS */ = {
			isa = PBXGroup;
			children = (
				2C53D468259AA7760066C2DE /* Tests_iOS.swift */,
				2C53D46A259AA7760066C2DE /* Info.plist */,
			);
			path = "Tests iOS";
			sourceTree = "<group>";
		};
		2C53D472259AA7760066C2DE /* Tests macOS */ = {
			isa = PBXGroup;
			children = (
				2C53D473259AA7760066C2DE /* Tests_macOS.swift */,
				2C53D475259AA7760066C2DE /* Info.plist */,
			);
			path = "Tests macOS";
			sourceTree = "<group>";
		};
/* End PBXGroup section */

/* Begin PBXNativeTarget section */
		2C53D453259AA7760066C2DE /* Snake (iOS) */ = {
			isa = PBXNativeTarget;
			buildConfigurationList = 2C53D47E259AA7760066C2DE /* Build configuration list for PBXNativeTarget "Snake (iOS)" */;
			buildPhases = (
				2C53D450259AA7760066C2DE /* Sources */,
				2C53D451259AA7760066C2DE /* Frameworks */,
				2C53D452259AA7760066C2DE /* Resources */,
			);
			buildRules = (
			);
			dependencies = (
			);
			name = "Snake (iOS)";
			productName = "Snake (iOS)";
			productReference = 2C53D454259AA7760066C2DE /* Snake.app */;
			productType = "com.apple.product-type.application";
		};
		2C53D45B259AA7760066C2DE /* Snake (macOS) */ = {
			isa = PBXNativeTarget;
			buildConfigurationList = 2C53D481259AA7760066C2DE /* Build configuration list for PBXNativeTarget "Snake (macOS)" */;
			buildPhases = (
				2C53D458259AA7760066C2DE /* Sources */,
				2C53D459259AA7760066C2DE /* Frameworks */,
				2C53D45A259AA7760066C2DE /* Resources */,
			);
			buildRules = (
			);
			dependencies = (
			);
			name = "Snake (macOS)";
			productName = "Snake (macOS)";
			productReference = 2C53D45C259AA7760066C2DE /* Snake.app */;
			productType = "com.apple.product-type.application";
		};
		2C53D463259AA7760066C2DE /* Tests iOS */ = {
			isa = PBXNativeTarget;
			buildConfigurationList = 2C53D484259AA7760066C2DE /* Build configuration list for PBXNativeTarget "Tests iOS" */;
			buildPhases = (
				2C53D460259AA7760066C2DE /* Sources */,
				2C53D461259AA7760066C2DE /* Frameworks */,
				2C53D462259AA7760066C2DE /* Resources */,
			);
			buildRules = (
			);
			dependencies = (
				2C53D466259AA7760066C2DE /* PBXTargetDependency */,
			);
			name = "Tests iOS";
			productName = "Tests iOS";
			productReference = 2C53D464259AA7760066C2DE /* Tests iOS.xctest */;
			productType = "com.apple.product-type.bundle.ui-testing";
		};
		2C53D46E259AA7760066C2DE /* Tests macOS */ = {
			isa = PBXNativeTarget;
			buildConfigurationList = 2C53D487259AA7760066C2DE /* Build configuration list for PBXNativeTarget "Tests macOS" */;
			buildPhases = (
				2C53D46B259AA7760066C2DE /* Sources */,
				2C53D46C259AA7760066C2DE /* Frameworks */,
				2C53D46D259AA7760066C2DE /* Resources */,
			);
			buildRules = (
			);
			dependencies = (
				2C53D471259AA7760066C2DE /* PBXTargetDependency */,
			);
			name = "Tests macOS";
			productName = "Tests macOS";
			productReference = 2C53D46F259AA7760066C2DE /* Tests macOS.xctest */;
			productType = "com.apple.product-type.bundle.ui-testing";
		};
/* End PBXNativeTarget section */

/* Begin PBXProject section */
		2C53D448259AA7730066C2DE /* Project object */ = {
			isa = PBXProject;
			attributes = {
				LastSwiftUpdateCheck = 1230;
				LastUpgradeCheck = 1230;
				TargetAttributes = {
					2C53D453259AA7760066C2DE = {
						CreatedOnToolsVersion = 12.3;
					};
					2C53D45B259AA7760066C2DE = {
						CreatedOnToolsVersion = 12.3;
					};
					2C53D463259AA7760066C2DE = {
						CreatedOnToolsVersion = 12.3;
						TestTargetID = 2C53D453259AA7760066C2DE;
					};
					2C53D46E259AA7760066C2DE = {
						CreatedOnToolsVersion = 12.3;
						TestTargetID = 2C53D45B259AA7760066C2DE;
					};
				};
			};
			buildConfigurationList = 2C53D44B259AA7730066C2DE /* Build configuration list for PBXProject "Snake" */;
			compatibilityVersion = "Xcode 9.3";
			developmentRegion = en;
			hasScannedForEncodings = 0;
			knownRegions = (
				en,
				Base,
			);
			mainGroup = 2C53D447259AA7730066C2DE;
			productRefGroup = 2C53D455259AA7760066C2DE /* Products */;
			projectDirPath = "";
			projectRoot = "";
			targets = (
				2C53D453259AA7760066C2DE /* Snake (iOS) */,
				2C53D45B259AA7760066C2DE /* Snake (macOS) */,
				2C53D463259AA7760066C2DE /* Tests iOS */,
				2C53D46E259AA7760066C2DE /* Tests macOS */,
			);
		};
/* End PBXProject section */

/* Begin PBXResourcesBuildPhase section */
		2C53D452259AA7760066C2DE /* Resources */ = {
			isa = PBXResourcesBuildPhase;
			buildActionMask = 2147483647;
			files = (
				2C53D47A259AA7760066C2DE /* Assets.xcassets in Resources */,
			);
			runOnlyForDeploymentPostprocessing = 0;
		};
		2C53D45A259AA7760066C2DE /* Resources */ = {
			isa = PBXResourcesBuildPhase;
			buildActionMask = 2147483647;
			files = (
				2C53D47B259AA7760066C2DE /* Assets.xcassets in Resources */,
			);
			runOnlyForDeploymentPostprocessing = 0;
		};
		2C53D462259AA7760066C2DE /* Resources */ = {
			isa = PBXResourcesBuildPhase;
			buildActionMask = 2147483647;
			files = (
			);
			runOnlyForDeploymentPostprocessing = 0;
		};
		2C53D46D259AA7760066C2DE /* Resources */ = {
			isa = PBXResourcesBuildPhase;
			buildActionMask = 2147483647;
			files = (
			);
			runOnlyForDeploymentPostprocessing = 0;
		};
/* End PBXResourcesBuildPhase section */

/* Begin PBXSourcesBuildPhase section */
		2C53D450259AA7760066C2DE /* Sources */ = {
			isa = PBXSourcesBuildPhase;
			buildActionMask = 2147483647;
			files = (
				2C53D478259AA7760066C2DE /* ContentView.swift in Sources */,
				2C53D476259AA7760066C2DE /* SnakeApp.swift in Sources */,
			);
			runOnlyForDeploymentPostprocessing = 0;
		};
		2C53D458259AA7760066C2DE /* Sources */ = {
			isa = PBXSourcesBuildPhase;
			buildActionMask = 2147483647;
			files = (
				2C53D479259AA7760066C2DE /* ContentView.swift in Sources */,
				2C53D477259AA7760066C2DE /* SnakeApp.swift in Sources */,
			);
			runOnlyForDeploymentPostprocessing = 0;
		};
		2C53D460259AA7760066C2DE /* Sources */ = {
			isa = PBXSourcesBuildPhase;
			buildActionMask = 2147483647;
			files = (
				2C53D469259AA7760066C2DE /* Tests_iOS.swift in Sources */,
			);
			runOnlyForDeploymentPostprocessing = 0;
		};
		2C53D46B259AA7760066C2DE /* Sources */ = {
			isa = PBXSourcesBuildPhase;
			buildActionMask = 2147483647;
			files = (
				2C53D474259AA7760066C2DE /* Tests_macOS.swift in Sources */,
			);
			runOnlyForDeploymentPostprocessing = 0;
		};
/* End PBXSourcesBuildPhase section */

/* Begin PBXTargetDependency section */
		2C53D466259AA7760066C2DE /* PBXTargetDependency */ = {
			isa = PBXTargetDependency;
			target = 2C53D453259AA7760066C2DE /* Snake (iOS) */;
			targetProxy = 2C53D465259AA7760066C2DE /* PBXContainerItemProxy */;
		};
		2C53D471259AA7760066C2DE /* PBXTargetDependency */ = {
			isa = PBXTargetDependency;
			target = 2C53D45B259AA7760066C2DE /* Snake (macOS) */;
			targetProxy = 2C53D470259AA7760066C2DE /* PBXContainerItemProxy */;
		};
/* End PBXTargetDependency section */

/* Begin XCBuildConfiguration section */
		2C53D47C259AA7760066C2DE /* Debug */ = {
			isa = XCBuildConfiguration;
			buildSettings = {
				ALWAYS_SEARCH_USER_PATHS = NO;
				CLANG_ANALYZER_NONNULL = YES;
				CLANG_ANALYZER_NUMBER_OBJECT_CONVERSION = YES_AGGRESSIVE;
				CLANG_CXX_LANGUAGE_STANDARD = "gnu++14";
				CLANG_CXX_LIBRARY = "libc++";
				CLANG_ENABLE_MODULES = YES;
				CLANG_ENABLE_OBJC_ARC = YES;
				CLANG_ENABLE_OBJC_WEAK = YES;
				CLANG_WARN_BLOCK_CAPTURE_AUTORELEASING = YES;
				CLANG_WARN_BOOL_CONVERSION = YES;
				CLANG_WARN_COMMA = YES;
				CLANG_WARN_CONSTANT_CONVERSION = YES;
				CLANG_WARN_DEPRECATED_OBJC_IMPLEMENTATIONS = YES;
				CLANG_WARN_DIRECT_OBJC_ISA_USAGE = YES_ERROR;
				CLANG_WARN_DOCUMENTATION_COMMENTS = YES;
				CLANG_WARN_EMPTY_BODY = YES;
				CLANG_WARN_ENUM_CONVERSION = YES;
				CLANG_WARN_INFINITE_RECURSION = YES;
				CLANG_WARN_INT_CONVERSION = YES;
				CLANG_WARN_NON_LITERAL_NULL_CONVERSION = YES;
				CLANG_WARN_OBJC_IMPLICIT_RETAIN_SELF = YES;
				CLANG_WARN_OBJC_LITERAL_CONVERSION = YES;
				CLANG_WARN_OBJC_ROOT_CLASS = YES_ERROR;
				CLANG_WARN_QUOTED_INCLUDE_IN_FRAMEWORK_HEADER = YES;
				CLANG_WARN_RANGE_LOOP_ANALYSIS = YES;
				CLANG_WARN_STRICT_PROTOTYPES = YES;
				CLANG_WARN_SUSPICIOUS_MOVE = YES;
				CLANG_WARN_UNGUARDED_AVAILABILITY = YES_AGGRESSIVE;
				CLANG_WARN_UNREACHABLE_CODE = YES;
				CLANG_WARN__DUPLICATE_METHOD_MATCH = YES;
				COPY_PHASE_STRIP = NO;
				DEBUG_INFORMATION_FORMAT = dwarf;
				ENABLE_STRICT_OBJC_MSGSEND = YES;
				ENABLE_TESTABILITY = YES;
				GCC_C_LANGUAGE_STANDARD = gnu11;
				GCC_DYNAMIC_NO_PIC = NO;
				GCC_NO_COMMON_BLOCKS = YES;
				GCC_OPTIMIZATION_LEVEL = 0;
				GCC_PREPROCESSOR_DEFINITIONS = (
					"DEBUG=1",
					"$(inherited)",
				);
				GCC_WARN_64_TO_32_BIT_CONVERSION = YES;
				GCC_WARN_ABOUT_RETURN_TYPE = YES_ERROR;
				GCC_WARN_UNDECLARED_SELECTOR = YES;
				GCC_WARN_UNINITIALIZED_AUTOS = YES_AGGRESSIVE;
				GCC_WARN_UNUSED_FUNCTION = YES;
				GCC_WARN_UNUSED_VARIABLE = YES;
				MTL_ENABLE_DEBUG_INFO = INCLUDE_SOURCE;
				MTL_FAST_MATH = YES;
				ONLY_ACTIVE_ARCH = YES;
				SWIFT_ACTIVE_COMPILATION_CONDITIONS = DEBUG;
				SWIFT_OPTIMIZATION_LEVEL = "-Onone";
			};
			name = Debug;
		};
		2C53D47D259AA7760066C2DE /* Release */ = {
			isa = XCBuildConfiguration;
			buildSettings = {
				ALWAYS_SEARCH_USER_PATHS = NO;
				CLANG_ANALYZER_NONNULL = YES;
				CLANG_ANALYZER_NUMBER_OBJECT_CONVERSION = YES_AGGRESSIVE;
				CLANG_CXX_LANGUAGE_STANDARD = "gnu++14";
				CLANG_CXX_LIBRARY = "libc++";
				CLANG_ENABLE_MODULES = YES;
				CLANG_ENABLE_OBJC_ARC = YES;
				CLANG_ENABLE_OBJC_WEAK = YES;
				CLANG_WARN_BLOCK_CAPTURE_AUTORELEASING = YES;
				CLANG_WARN_BOOL_CONVERSION = YES;
				CLANG_WARN_COMMA = YES;
				CLANG_WARN_CONSTANT_CONVERSION = YES;
				CLANG_WARN_DEPRECATED_OBJC_IMPLEMENTATIONS = YES;
				CLANG_WARN_DIRECT_OBJC_ISA_USAGE = YES_ERROR;
				CLANG_WARN_DOCUMENTATION_COMMENTS = YES;
				CLANG_WARN_EMPTY_BODY = YES;
				CLANG_WARN_ENUM_CONVERSION = YES;
				CLANG_WARN_INFINITE_RECURSION = YES;
				CLANG_WARN_INT_CONVERSION = YES;
				CLANG_WARN_NON_LITERAL_NULL_CONVERSION = YES;
				CLANG_WARN_OBJC_IMPLICIT_RETAIN_SELF = YES;
				CLANG_WARN_OBJC_LITERAL_CONVERSION = YES;
				CLANG_WARN_OBJC_ROOT_CLASS = YES_ERROR;
				CLANG_WARN_QUOTED_INCLUDE_IN_FRAMEWORK_HEADER = YES;
				CLANG_WARN_RANGE_LOOP_ANALYSIS = YES;
				CLANG_WARN_STRICT_PROTOTYPES = YES;
				CLANG_WARN_SUSPICIOUS_MOVE = YES;
				CLANG_WARN_UNGUARDED_AVAILABILITY = YES_AGGRESSIVE;
				CLANG_WARN_UNREACHABLE_CODE = YES;
				CLANG_WARN__DUPLICATE_METHOD_MATCH = YES;
				COPY_PHASE_STRIP = NO;
				DEBUG_INFORMATION_FORMAT = "dwarf-with-dsym";
				ENABLE_NS_ASSERTIONS = NO;
				ENABLE_STRICT_OBJC_MSGSEND = YES;
				GCC_C_LANGUAGE_STANDARD = gnu11;
				GCC_NO_COMMON_BLOCKS = YES;
				GCC_WARN_64_TO_32_BIT_CONVERSION = YES;
				GCC_WARN_ABOUT_RETURN_TYPE = YES_ERROR;
				GCC_WARN_UNDECLARED_SELECTOR = YES;
				GCC_WARN_UNINITIALIZED_AUTOS = YES_AGGRESSIVE;
				GCC_WARN_UNUSED_FUNCTION = YES;
				GCC_WARN_UNUSED_VARIABLE = YES;
				MTL_ENABLE_DEBUG_INFO = NO;
				MTL_FAST_MATH = YES;
				SWIFT_COMPILATION_MODE = wholemodule;
				SWIFT_OPTIMIZATION_LEVEL = "-O";
			};
			name = Release;
		};
		2C53D47F259AA7760066C2DE /* Debug */ = {
			isa = XCBuildConfiguration;
			buildSettings = {
				ASSETCATALOG_COMPILER_APPICON_NAME = AppIcon;
				ASSETCATALOG_COMPILER_GLOBAL_ACCENT_COLOR_NAME = AccentColor;
				CODE_SIGN_STYLE = Automatic;
				DEVELOPMENT_TEAM = VA8GM4F7TR;
				ENABLE_PREVIEWS = YES;
				INFOPLIST_FILE = iOS/Info.plist;
				IPHONEOS_DEPLOYMENT_TARGET = 14.0;
				LD_RUNPATH_SEARCH_PATHS = (
					"$(inherited)",
					"@executable_path/Frameworks",
				);
				PRODUCT_BUNDLE_IDENTIFIER = ZestyBean.Snake;
				PRODUCT_NAME = Snake;
				SDKROOT = iphoneos;
				SWIFT_VERSION = 5.0;
				TARGETED_DEVICE_FAMILY = "1,2";
			};
			name = Debug;
		};
		2C53D480259AA7760066C2DE /* Release */ = {
			isa = XCBuildConfiguration;
			buildSettings = {
				ASSETCATALOG_COMPILER_APPICON_NAME = AppIcon;
				ASSETCATALOG_COMPILER_GLOBAL_ACCENT_COLOR_NAME = AccentColor;
				CODE_SIGN_STYLE = Automatic;
				DEVELOPMENT_TEAM = VA8GM4F7TR;
				ENABLE_PREVIEWS = YES;
				INFOPLIST_FILE = iOS/Info.plist;
				IPHONEOS_DEPLOYMENT_TARGET = 14.0;
				LD_RUNPATH_SEARCH_PATHS = (
					"$(inherited)",
					"@executable_path/Frameworks",
				);
				PRODUCT_BUNDLE_IDENTIFIER = ZestyBean.Snake;
				PRODUCT_NAME = Snake;
				SDKROOT = iphoneos;
				SWIFT_VERSION = 5.0;
				TARGETED_DEVICE_FAMILY = "1,2";
				VALIDATE_PRODUCT = YES;
			};
			name = Release;
		};
		2C53D482259AA7760066C2DE /* Debug */ = {
			isa = XCBuildConfiguration;
			buildSettings = {
				ASSETCATALOG_COMPILER_APPICON_NAME = AppIcon;
				ASSETCATALOG_COMPILER_GLOBAL_ACCENT_COLOR_NAME = AccentColor;
				CODE_SIGN_ENTITLEMENTS = macOS/macOS.entitlements;
				CODE_SIGN_STYLE = Automatic;
				COMBINE_HIDPI_IMAGES = YES;
				DEVELOPMENT_TEAM = VA8GM4F7TR;
				ENABLE_HARDENED_RUNTIME = YES;
				ENABLE_PREVIEWS = YES;
				INFOPLIST_FILE = macOS/Info.plist;
				LD_RUNPATH_SEARCH_PATHS = (
					"$(inherited)",
					"@executable_path/../Frameworks",
				);
				MACOSX_DEPLOYMENT_TARGET = 11.0;
				PRODUCT_BUNDLE_IDENTIFIER = ZestyBean.Snake;
				PRODUCT_NAME = Snake;
				SDKROOT = macosx;
				SWIFT_VERSION = 5.0;
			};
			name = Debug;
		};
		2C53D483259AA7760066C2DE /* Release */ = {
			isa = XCBuildConfiguration;
			buildSettings = {
				ASSETCATALOG_COMPILER_APPICON_NAME = AppIcon;
				ASSETCATALOG_COMPILER_GLOBAL_ACCENT_COLOR_NAME = AccentColor;
				CODE_SIGN_ENTITLEMENTS = macOS/macOS.entitlements;
				CODE_SIGN_STYLE = Automatic;
				COMBINE_HIDPI_IMAGES = YES;
				DEVELOPMENT_TEAM = VA8GM4F7TR;
				ENABLE_HARDENED_RUNTIME = YES;
				ENABLE_PREVIEWS = YES;
				INFOPLIST_FILE = macOS/Info.plist;
				LD_RUNPATH_SEARCH_PATHS = (
					"$(inherited)",
					"@executable_path/../Frameworks",
				);
				MACOSX_DEPLOYMENT_TARGET = 11.0;
				PRODUCT_BUNDLE_IDENTIFIER = ZestyBean.Snake;
				PRODUCT_NAME = Snake;
				SDKROOT = macosx;
				SWIFT_VERSION = 5.0;
			};
			name = Release;
		};
		2C53D485259AA7760066C2DE /* Debug */ = {
			isa = XCBuildConfiguration;
			buildSettings = {
				ALWAYS_EMBED_SWIFT_STANDARD_LIBRARIES = YES;
				CODE_SIGN_STYLE = Automatic;
				DEVELOPMENT_TEAM = VA8GM4F7TR;
				INFOPLIST_FILE = "Tests iOS/Info.plist";
				IPHONEOS_DEPLOYMENT_TARGET = 14.3;
				LD_RUNPATH_SEARCH_PATHS = (
					"$(inherited)",
					"@executable_path/Frameworks",
					"@loader_path/Frameworks",
				);
				PRODUCT_BUNDLE_IDENTIFIER = "ZestyBean.Tests-iOS";
				PRODUCT_NAME = "$(TARGET_NAME)";
				SDKROOT = iphoneos;
				SWIFT_VERSION = 5.0;
				TARGETED_DEVICE_FAMILY = "1,2";
				TEST_TARGET_NAME = "Snake (iOS)";
			};
			name = Debug;
		};
		2C53D486259AA7760066C2DE /* Release */ = {
			isa = XCBuildConfiguration;
			buildSettings = {
				ALWAYS_EMBED_SWIFT_STANDARD_LIBRARIES = YES;
				CODE_SIGN_STYLE = Automatic;
				DEVELOPMENT_TEAM = VA8GM4F7TR;
				INFOPLIST_FILE = "Tests iOS/Info.plist";
				IPHONEOS_DEPLOYMENT_TARGET = 14.3;
				LD_RUNPATH_SEARCH_PATHS = (
					"$(inherited)",
					"@executable_path/Frameworks",
					"@loader_path/Frameworks",
				);
				PRODUCT_BUNDLE_IDENTIFIER = "ZestyBean.Tests-iOS";
				PRODUCT_NAME = "$(TARGET_NAME)";
				SDKROOT = iphoneos;
				SWIFT_VERSION = 5.0;
				TARGETED_DEVICE_FAMILY = "1,2";
				TEST_TARGET_NAME = "Snake (iOS)";
				VALIDATE_PRODUCT = YES;
			};
			name = Release;
		};
		2C53D488259AA7760066C2DE /* Debug */ = {
			isa = XCBuildConfiguration;
			buildSettings = {
				ALWAYS_EMBED_SWIFT_STANDARD_LIBRARIES = YES;
				CODE_SIGN_STYLE = Automatic;
				COMBINE_HIDPI_IMAGES = YES;
				DEVELOPMENT_TEAM = VA8GM4F7TR;
				INFOPLIST_FILE = "Tests macOS/Info.plist";
				LD_RUNPATH_SEARCH_PATHS = (
					"$(inherited)",
					"@executable_path/../Frameworks",
					"@loader_path/../Frameworks",
				);
				MACOSX_DEPLOYMENT_TARGET = 11.0;
				PRODUCT_BUNDLE_IDENTIFIER = "ZestyBean.Tests-macOS";
				PRODUCT_NAME = "$(TARGET_NAME)";
				SDKROOT = macosx;
				SWIFT_VERSION = 5.0;
				TEST_TARGET_NAME = "Snake (macOS)";
			};
			name = Debug;
		};
		2C53D489259AA7760066C2DE /* Release */ = {
			isa = XCBuildConfiguration;
			buildSettings = {
				ALWAYS_EMBED_SWIFT_STANDARD_LIBRARIES = YES;
				CODE_SIGN_STYLE = Automatic;
				COMBINE_HIDPI_IMAGES = YES;
				DEVELOPMENT_TEAM = VA8GM4F7TR;
				INFOPLIST_FILE = "Tests macOS/Info.plist";
				LD_RUNPATH_SEARCH_PATHS = (
					"$(inherited)",
					"@executable_path/../Frameworks",
					"@loader_path/../Frameworks",
				);
				MACOSX_DEPLOYMENT_TARGET = 11.0;
				PRODUCT_BUNDLE_IDENTIFIER = "ZestyBean.Tests-macOS";
				PRODUCT_NAME = "$(TARGET_NAME)";
				SDKROOT = macosx;
				SWIFT_VERSION = 5.0;
				TEST_TARGET_NAME = "Snake (macOS)";
			};
			name = Release;
		};
/* End XCBuildConfiguration section */

/* Begin XCConfigurationList section */
		2C53D44B259AA7730066C2DE /* Build configuration list for PBXProject "Snake" */ = {
			isa = XCConfigurationList;
			buildConfigurations = (
				2C53D47C259AA7760066C2DE /* Debug */,
				2C53D47D259AA7760066C2DE /* Release */,
			);
			defaultConfigurationIsVisible = 0;
			defaultConfigurationName = Release;
		};
		2C53D47E259AA7760066C2DE /* Build configuration list for PBXNativeTarget "Snake (iOS)" */ = {
			isa = XCConfigurationList;
			buildConfigurations = (
				2C53D47F259AA7760066C2DE /* Debug */,
				2C53D480259AA7760066C2DE /* Release */,
			);
			defaultConfigurationIsVisible = 0;
			defaultConfigurationName = Release;
		};
		2C53D481259AA7760066C2DE /* Build configuration list for PBXNativeTarget "Snake (macOS)" */ = {
			isa = XCConfigurationList;
			buildConfigurations = (
				2C53D482259AA7760066C2DE /* Debug */,
				2C53D483259AA7760066C2DE /* Release */,
			);
			defaultConfigurationIsVisible = 0;
			defaultConfigurationName = Release;
		};
		2C53D484259AA7760066C2DE /* Build configuration list for PBXNativeTarget "Tests iOS" */ = {
			isa = XCConfigurationList;
			buildConfigurations = (
				2C53D485259AA7760066C2DE /* Debug */,
				2C53D486259AA7760066C2DE /* Release */,
			);
			defaultConfigurationIsVisible = 0;
			defaultConfigurationName = Release;
		};
		2C53D487259AA7760066C2DE /* Build configuration list for PBXNativeTarget "Tests macOS" */ = {
			isa = XCConfigurationList;
			buildConfigurations = (
				2C53D488259AA7760066C2DE /* Debug */,
				2C53D489259AA7760066C2DE /* Release */,
			);
			defaultConfigurationIsVisible = 0;
			defaultConfigurationName = Release;
		};
/* End XCConfigurationList section */
	};
	rootObject = 2C53D448259AA7730066C2DE /* Project object */;
}
